
Microsoft Visual Studio Solution File, Format Version 12.00
# Visual Studio 15
VisualStudioVersion = 15.0.28307.902
MinimumVisualStudioVersion = 10.0.40219.1
Project("{FAE04EC0-301F-11D3-BF4B-00C04F79EFBC}") = "DeLaTourAndroid.Android", "DeLaTourAndroid\DeLaTourAndroid.Android\DeLaTourAndroid.Android.csproj", "{BACB1DBE-9699-42CC-9237-8A121F1CAB7D}"
EndProject
Project("{9A19103F-16F7-4668-BE54-9A1E7A4F7556}") = "DeLaTourAndroid", "DeLaTourAndroid\DeLaTourAndroid\DeLaTourAndroid.csproj", "{57879333-853D-47CC-A639-9945B8D27199}"
EndProject
Global
	GlobalSection(SolutionConfigurationPlatforms) = preSolution
		Debug|Any CPU = Debug|Any CPU
		Release|Any CPU = Release|Any CPU
	EndGlobalSection
	GlobalSection(ProjectConfigurationPlatforms) = postSolution
		{BACB1DBE-9699-42CC-9237-8A121F1CAB7D}.Debug|Any CPU.ActiveCfg = Debug|Any CPU
		{BACB1DBE-9699-42CC-9237-8A121F1CAB7D}.Debug|Any CPU.Build.0 = Debug|Any CPU
		{BACB1DBE-9699-42CC-9237-8A121F1CAB7D}.Debug|Any CPU.Deploy.0 = Debug|Any CPU
		{BACB1DBE-9699-42CC-9237-8A121F1CAB7D}.Release|Any CPU.ActiveCfg = Release|Any CPU
		{BACB1DBE-9699-42CC-9237-8A121F1CAB7D}.Release|Any CPU.Build.0 = Release|Any CPU
		{BACB1DBE-9699-42CC-9237-8A121F1CAB7D}.Release|Any CPU.Deploy.0 = Release|Any CPU
		{57879333-853D-47CC-A639-9945B8D27199}.Debug|Any CPU.ActiveCfg = Debug|Any CPU
		{57879333-853D-47CC-A639-9945B8D27199}.Debug|Any CPU.Build.0 = Debug|Any CPU
		{57879333-853D-47CC-A639-9945B8D27199}.Debug|Any CPU.Deploy.0 = Debug|Any CPU
		{57879333-853D-47CC-A639-9945B8D27199}.Release|Any CPU.ActiveCfg = Release|Any CPU
		{57879333-853D-47CC-A639-9945B8D27199}.Release|Any CPU.Build.0 = Release|Any CPU
		{57879333-853D-47CC-A639-9945B8D27199}.Release|Any CPU.Deploy.0 = Release|Any CPU
	EndGlobalSection
	GlobalSection(SolutionProperties) = preSolution
		HideSolutionNode = FALSE
	EndGlobalSection
	GlobalSection(ExtensibilityGlobals) = postSolution
		SolutionGuid = {AB59BB09-ABE4-4525-888C-E6474EF77699}
	EndGlobalSection
EndGlobal
